// !$*UTF8*$!
{
	archiveVersion = 1;
	classes = {
	};
	objectVersion = 50;
	objects = {

/* Begin PBXBuildFile section */
		11D706A8246BB4C700EEF86E /* libkij.h in Headers */ = {isa = PBXBuildFile; fileRef = 11D706A4246BB4C700EEF86E /* libkij.h */; };
		11D706A9246BB4C700EEF86E /* libkij.c in Sources */ = {isa = PBXBuildFile; fileRef = 11D706A5246BB4C700EEF86E /* libkij.c */; };
		11D706AA246BB4C700EEF86E /* libkij_test.c in Sources */ = {isa = PBXBuildFile; fileRef = 11D706A6246BB4C700EEF86E /* libkij_test.c */; };
		11D706AB246BB4C700EEF86E /* libkij_test.h in Headers */ = {isa = PBXBuildFile; fileRef = 11D706A7246BB4C700EEF86E /* libkij_test.h */; };
/* End PBXBuildFile section */

/* Begin PBXFileReference section */
		11CB78B2246BB49A00D8B758 /* liblibkij.dylib */ = {isa = PBXFileReference; explicitFileType = "compiled.mach-o.dylib"; includeInIndex = 0; path = liblibkij.dylib; sourceTree = BUILT_PRODUCTS_DIR; };
		11D706A4246BB4C700EEF86E /* libkij.h */ = {isa = PBXFileReference; fileEncoding = 4; lastKnownFileType = sourcecode.c.h; path = libkij.h; sourceTree = "<group>"; };
		11D706A5246BB4C700EEF86E /* libkij.c */ = {isa = PBXFileReference; fileEncoding = 4; lastKnownFileType = sourcecode.c.c; path = libkij.c; sourceTree = "<group>"; };
		11D706A6246BB4C700EEF86E /* libkij_test.c */ = {isa = PBXFileReference; fileEncoding = 4; lastKnownFileType = sourcecode.c.c; path = libkij_test.c; sourceTree = "<group>"; };
		11D706A7246BB4C700EEF86E /* libkij_test.h */ = {isa = PBXFileReference; fileEncoding = 4; lastKnownFileType = sourcecode.c.h; path = libkij_test.h; sourceTree = "<group>"; };
/* End PBXFileReference section */

/* Begin PBXFrameworksBuildPhase section */
		11CB78B0246BB49A00D8B758 /* Frameworks */ = {
			isa = PBXFrameworksBuildPhase;
			buildActionMask = 2147483647;
			files = (
			);
			runOnlyForDeploymentPostprocessing = 0;
		};
/* End PBXFrameworksBuildPhase section */

/* Begin PBXGroup section */
		11CB78A9246BB49A00D8B758 = {
			isa = PBXGroup;
			children = (
				11D706A6246BB4C700EEF86E /* libkij_test.c */,
				11D706A7246BB4C700EEF86E /* libkij_test.h */,
				11D706A5246BB4C700EEF86E /* libkij.c */,
				11D706A4246BB4C700EEF86E /* libkij.h */,
				11CB78B3246BB49A00D8B758 /* Products */,
			);
			sourceTree = "<group>";
		};
		11CB78B3246BB49A00D8B758 /* Products */ = {
			isa = PBXGroup;
			children = (
				11CB78B2246BB49A00D8B758 /* liblibkij.dylib */,
			);
			name = Products;
			sourceTree = "<group>";
		};
/* End PBXGroup section */

/* Begin PBXHeadersBuildPhase section */
		11CB78AE246BB49A00D8B758 /* Headers */ = {
			isa = PBXHeadersBuildPhase;
			buildActionMask = 2147483647;
			files = (
				11D706A8246BB4C700EEF86E /* libkij.h in Headers */,
				11D706AB246BB4C700EEF86E /* libkij_test.h in Headers */,
			);
			runOnlyForDeploymentPostprocessing = 0;
		};
/* End PBXHeadersBuildPhase section */

/* Begin PBXNativeTarget section */
		11CB78B1246BB49A00D8B758 /* libkij */ = {
			isa = PBXNativeTarget;
			buildConfigurationList = 11CB78B6246BB49A00D8B758 /* Build configuration list for PBXNativeTarget "libkij" */;
			buildPhases = (
				11CB78AE246BB49A00D8B758 /* Headers */,
				11CB78AF246BB49A00D8B758 /* Sources */,
				11CB78B0246BB49A00D8B758 /* Frameworks */,
			);
			buildRules = (
			);
			dependencies = (
			);
			name = libkij;
			productName = libkij;
			productReference = 11CB78B2246BB49A00D8B758 /* liblibkij.dylib */;
			productType = "com.apple.product-type.library.dynamic";
		};
/* End PBXNativeTarget section */

/* Begin PBXProject section */
		11CB78AA246BB49A00D8B758 /* Project object */ = {
			isa = PBXProject;
			attributes = {
				LastUpgradeCheck = 1020;
				ORGANIZATIONNAME = "Han Li";
				TargetAttributes = {
					11CB78B1246BB49A00D8B758 = {
						CreatedOnToolsVersion = 10.2;
					};
				};
			};
			buildConfigurationList = 11CB78AD246BB49A00D8B758 /* Build configuration list for PBXProject "libkij" */;
			compatibilityVersion = "Xcode 9.3";
			developmentRegion = en;
			hasScannedForEncodings = 0;
			knownRegions = (
				en,
			);
			mainGroup = 11CB78A9246BB49A00D8B758;
			productRefGroup = 11CB78B3246BB49A00D8B758 /* Products */;
			projectDirPath = "";
			projectRoot = "";
			targets = (
				11CB78B1246BB49A00D8B758 /* libkij */,
			);
		};
/* End PBXProject section */

/* Begin PBXSourcesBuildPhase section */
		11CB78AF246BB49A00D8B758 /* Sources */ = {
			isa = PBXSourcesBuildPhase;
			buildActionMask = 2147483647;
			files = (
				11D706AA246BB4C700EEF86E /* libkij_test.c in Sources */,
				11D706A9246BB4C700EEF86E /* libkij.c in Sources */,
			);
			runOnlyForDeploymentPostprocessing = 0;
		};
/* End PBXSourcesBuildPhase section */

/* Begin XCBuildConfiguration section */
		11CB78B4246BB49A00D8B758 /* Debug */ = {
			isa = XCBuildConfiguration;
			buildSettings = {
				ALWAYS_SEARCH_USER_PATHS = NO;
				CLANG_ANALYZER_NONNULL = YES;
				CLANG_ANALYZER_NUMBER_OBJECT_CONVERSION = YES_AGGRESSIVE;
				CLANG_CXX_LANGUAGE_STANDARD = "gnu++14";
				CLANG_CXX_LIBRARY = "libc++";
				CLANG_ENABLE_MODULES = YES;
				CLANG_ENABLE_OBJC_ARC = YES;
				CLANG_ENABLE_OBJC_WEAK = YES;
				CLANG_WARN_BLOCK_CAPTURE_AUTORELEASING = YES;
				CLANG_WARN_BOOL_CONVERSION = YES;
				CLANG_WARN_COMMA = YES;
				CLANG_WARN_CONSTANT_CONVERSION = YES;
				CLANG_WARN_DEPRECATED_OBJC_IMPLEMENTATIONS = YES;
				CLANG_WARN_DIRECT_OBJC_ISA_USAGE = YES_ERROR;
				CLANG_WARN_DOCUMENTATION_COMMENTS = YES;
				CLANG_WARN_EMPTY_BODY = YES;
				CLANG_WARN_ENUM_CONVERSION = YES;
				CLANG_WARN_INFINITE_RECURSION = YES;
				CLANG_WARN_INT_CONVERSION = YES;
				CLANG_WARN_NON_LITERAL_NULL_CONVERSION = YES;
				CLANG_WARN_OBJC_IMPLICIT_RETAIN_SELF = YES;
				CLANG_WARN_OBJC_LITERAL_CONVERSION = YES;
				CLANG_WARN_OBJC_ROOT_CLASS = YES_ERROR;
				CLANG_WARN_RANGE_LOOP_ANALYSIS = YES;
				CLANG_WARN_STRICT_PROTOTYPES = YES;
				CLANG_WARN_SUSPICIOUS_MOVE = YES;
				CLANG_WARN_UNGUARDED_AVAILABILITY = YES_AGGRESSIVE;
				CLANG_WARN_UNREACHABLE_CODE = YES;
				CLANG_WARN__DUPLICATE_METHOD_MATCH = YES;
				CODE_SIGN_IDENTITY = "Mac Developer";
				COPY_PHASE_STRIP = NO;
				DEBUG_INFORMATION_FORMAT = dwarf;
				ENABLE_STRICT_OBJC_MSGSEND = YES;
				ENABLE_TESTABILITY = YES;
				GCC_C_LANGUAGE_STANDARD = gnu11;
				GCC_DYNAMIC_NO_PIC = NO;
				GCC_NO_COMMON_BLOCKS = YES;
				GCC_OPTIMIZATION_LEVEL = 0;
				GCC_PREPROCESSOR_DEFINITIONS = (
					"DEBUG=1",
					"$(inherited)",
				);
				GCC_WARN_64_TO_32_BIT_CONVERSION = YES;
				GCC_WARN_ABOUT_RETURN_TYPE = YES_ERROR;
				GCC_WARN_UNDECLARED_SELECTOR = YES;
				GCC_WARN_UNINITIALIZED_AUTOS = YES_AGGRESSIVE;
				GCC_WARN_UNUSED_FUNCTION = YES;
				GCC_WARN_UNUSED_VARIABLE = YES;
				MACOSX_DEPLOYMENT_TARGET = 10.14;
				MTL_ENABLE_DEBUG_INFO = INCLUDE_SOURCE;
				MTL_FAST_MATH = YES;
				ONLY_ACTIVE_ARCH = YES;
				SDKROOT = macosx;
			};
			name = Debug;
		};
		11CB78B5246BB49A00D8B758 /* Release */ = {
			isa = XCBuildConfiguration;
			buildSettings = {
				ALWAYS_SEARCH_USER_PATHS = NO;
				CLANG_ANALYZER_NONNULL = YES;
				CLANG_ANALYZER_NUMBER_OBJECT_CONVERSION = YES_AGGRESSIVE;
				CLANG_CXX_LANGUAGE_STANDARD = "gnu++14";
				CLANG_CXX_LIBRARY = "libc++";
				CLANG_ENABLE_MODULES = YES;
				CLANG_ENABLE_OBJC_ARC = YES;
				CLANG_ENABLE_OBJC_WEAK = YES;
				CLANG_WARN_BLOCK_CAPTURE_AUTORELEASING = YES;
				CLANG_WARN_BOOL_CONVERSION = YES;
				CLANG_WARN_COMMA = YES;
				CLANG_WARN_CONSTANT_CONVERSION = YES;
				CLANG_WARN_DEPRECATED_OBJC_IMPLEMENTATIONS = YES;
				CLANG_WARN_DIRECT_OBJC_ISA_USAGE = YES_ERROR;
				CLANG_WARN_DOCUMENTATION_COMMENTS = YES;
				CLANG_WARN_EMPTY_BODY = YES;
				CLANG_WARN_ENUM_CONVERSION = YES;
				CLANG_WARN_INFINITE_RECURSION = YES;
				CLANG_WARN_INT_CONVERSION = YES;
				CLANG_WARN_NON_LITERAL_NULL_CONVERSION = YES;
				CLANG_WARN_OBJC_IMPLICIT_RETAIN_SELF = YES;
				CLANG_WARN_OBJC_LITERAL_CONVERSION = YES;
				CLANG_WARN_OBJC_ROOT_CLASS = YES_ERROR;
				CLANG_WARN_RANGE_LOOP_ANALYSIS = YES;
				CLANG_WARN_STRICT_PROTOTYPES = YES;
				CLANG_WARN_SUSPICIOUS_MOVE = YES;
				CLANG_WARN_UNGUARDED_AVAILABILITY = YES_AGGRESSIVE;
				CLANG_WARN_UNREACHABLE_CODE = YES;
				CLANG_WARN__DUPLICATE_METHOD_MATCH = YES;
				CODE_SIGN_IDENTITY = "Mac Developer";
				COPY_PHASE_STRIP = NO;
				DEBUG_INFORMATION_FORMAT = "dwarf-with-dsym";
				ENABLE_NS_ASSERTIONS = NO;
				ENABLE_STRICT_OBJC_MSGSEND = YES;
				GCC_C_LANGUAGE_STANDARD = gnu11;
				GCC_NO_COMMON_BLOCKS = YES;
				GCC_WARN_64_TO_32_BIT_CONVERSION = YES;
				GCC_WARN_ABOUT_RETURN_TYPE = YES_ERROR;
				GCC_WARN_UNDECLARED_SELECTOR = YES;
				GCC_WARN_UNINITIALIZED_AUTOS = YES_AGGRESSIVE;
				GCC_WARN_UNUSED_FUNCTION = YES;
				GCC_WARN_UNUSED_VARIABLE = YES;
				MACOSX_DEPLOYMENT_TARGET = 10.14;
				MTL_ENABLE_DEBUG_INFO = NO;
				MTL_FAST_MATH = YES;
				SDKROOT = macosx;
			};
			name = Release;
		};
		11CB78B7246BB49A00D8B758 /* Debug */ = {
			isa = XCBuildConfiguration;
			buildSettings = {
				CODE_SIGN_STYLE = Automatic;
				DEVELOPMENT_TEAM = J5B5SJ9JQJ;
				DYLIB_COMPATIBILITY_VERSION = 1;
				DYLIB_CURRENT_VERSION = 1;
				EXECUTABLE_PREFIX = lib;
				HEADER_SEARCH_PATHS = "\"$(SRCROOT)/include\"";
				LIBRARY_SEARCH_PATHS = "\"$(SRCROOT)/lib\"";
				OTHER_LDFLAGS = "-lkij_go";
				PRODUCT_NAME = "$(TARGET_NAME)";
				SKIP_INSTALL = YES;
			};
			name = Debug;
		};
		11CB78B8246BB49A00D8B758 /* Release */ = {
			isa = XCBuildConfiguration;
			buildSettings = {
				CODE_SIGN_STYLE = Automatic;
				DEVELOPMENT_TEAM = J5B5SJ9JQJ;
				DYLIB_COMPATIBILITY_VERSION = 1;
				DYLIB_CURRENT_VERSION = 1;
				EXECUTABLE_PREFIX = lib;
				HEADER_SEARCH_PATHS = "\"$(SRCROOT)/include\"";
				LIBRARY_SEARCH_PATHS = "\"$(SRCROOT)/lib\"";
				OTHER_LDFLAGS = "-lkij_go";
				PRODUCT_NAME = "$(TARGET_NAME)";
				SKIP_INSTALL = YES;
			};
			name = Release;
		};
/* End XCBuildConfiguration section */

/* Begin XCConfigurationList section */
		11CB78AD246BB49A00D8B758 /* Build configuration list for PBXProject "libkij" */ = {
			isa = XCConfigurationList;
			buildConfigurations = (
				11CB78B4246BB49A00D8B758 /* Debug */,
				11CB78B5246BB49A00D8B758 /* Release */,
			);
			defaultConfigurationIsVisible = 0;
			defaultConfigurationName = Release;
		};
		11CB78B6246BB49A00D8B758 /* Build configuration list for PBXNativeTarget "libkij" */ = {
			isa = XCConfigurationList;
			buildConfigurations = (
				11CB78B7246BB49A00D8B758 /* Debug */,
				11CB78B8246BB49A00D8B758 /* Release */,
			);
			defaultConfigurationIsVisible = 0;
			defaultConfigurationName = Release;
		};
/* End XCConfigurationList section */
	};
	rootObject = 11CB78AA246BB49A00D8B758 /* Project object */;
}
